# This file is automatically @generated by Cargo.
# It is not intended for manual editing.
version = 4

[[package]]
name = "cfg-if"
version = "1.0.0"
source = "registry+https://github.com/rust-lang/crates.io-index"
checksum = "baf1de4339761588bc0619e3cbc0120ee582ebb74b53b4efbf79117bd2da40fd"

[[package]]
name = "crunchy"
version = "0.2.3"
source = "registry+https://github.com/rust-lang/crates.io-index"
checksum = "43da5946c66ffcc7745f48db692ffbb10a83bfe0afd96235c5c2a4fb23994929"

[[package]]
name = "half"
version = "2.5.0"
source = "registry+https://github.com/rust-lang/crates.io-index"
checksum = "7db2ff139bba50379da6aa0766b52fdcb62cb5b263009b09ed58ba604e14bbd1"
dependencies = [
 "cfg-if",
 "crunchy",
]

[[package]]
name = "proton"
version = "0.1.0"
dependencies = [
 "half",
]
